{
  "originHash" : "1f5daf7c32df42db6fc2686c6ee17702c9196113e394b428cdc9e1c4d24b0349",
  "pins" : [
    {
      "identity" : "icons",
      "kind" : "remoteSourceControl",
      "location" : "https://github.com/elegantchaos/Icons.git",
      "state" : {
        "revision" : "cef651ad9509c67a64cd8b03bb02694f391c7021",
        "version" : "1.0.0"
      }
    },
    {
      "identity" : "logger",
      "kind" : "remoteSourceControl",
      "location" : "https://github.com/elegantchaos/Logger",
      "state" : {
        "revision" : "6957a21c4e02fc03734a460fb8bfcd36dbe8aba8",
        "version" : "2.0.1"
      }
    }
  ],
  "version" : 3
}
