{
  "originHash" : "339b641349faf9a6bbbe350f4a1241c35f9dbbcb059f01a9503b320a823f9cf8",
  "pins" : [
    {
      "identity" : "icons",
      "kind" : "remoteSourceControl",
      "location" : "https://github.com/elegantchaos/Icons.git",
      "state" : {
        "revision" : "033e9582671a14f1224e915d89866e8b2e1014ff",
        "version" : "1.0.2"
      }
    },
    {
      "identity" : "logger",
      "kind" : "remoteSourceControl",
      "location" : "https://github.com/elegantchaos/Logger",
      "state" : {
        "revision" : "6957a21c4e02fc03734a460fb8bfcd36dbe8aba8",
        "version" : "2.0.1"
      }
    }
  ],
  "version" : 3
}
